<?xml version="1.0" encoding="utf-8"?>
<Project ToolsVersion="4.0" xmlns="http://schemas.microsoft.com/developer/msbuild/2003">
  <ItemGroup>
    <Filter Include="源文件">
      <UniqueIdentifier>{4FC737F1-C7A5-4376-A066-2A32D752A2FF}</UniqueIdentifier>
      <Extensions>cpp;c;cc;cxx;c++;cppm;ixx;def;odl;idl;hpj;bat;asm;asmx</Extensions>
    </Filter>
    <Filter Include="头文件">
      <UniqueIdentifier>{93995380-89BD-4b04-88EB-625FBE52EBFB}</UniqueIdentifier>
      <Extensions>h;hh;hpp;hxx;h++;hm;inl;inc;ipp;xsd</Extensions>
    </Filter>
    <Filter Include="资源文件">
      <UniqueIdentifier>{67DA6AB6-F800-4c08-8B7A-83BB121AAD01}</UniqueIdentifier>
      <Extensions>rc;ico;cur;bmp;dlg;rc2;rct;bin;rgs;gif;jpg;jpeg;jpe;resx;tiff;tif;png;wav;mfcribbon-ms</Extensions>
    </Filter>
    <Filter Include="头文件\utils">
      <UniqueIdentifier>{1bcd2e6e-1f5f-4526-9c78-3d7129e347e3}</UniqueIdentifier>
    </Filter>
    <Filter Include="源文件\utils">
      <UniqueIdentifier>{bdf7127f-5266-42ba-a411-7f70dfa1ae2a}</UniqueIdentifier>
    </Filter>
    <Filter Include="头文件\core">
      <UniqueIdentifier>{cc18ae81-2a19-4f1f-b3ee-09182532e8b1}</UniqueIdentifier>
    </Filter>
    <Filter Include="源文件\core">
      <UniqueIdentifier>{9ec1b036-47fc-4bb0-bafd-66255e237ddd}</UniqueIdentifier>
    </Filter>
    <Filter Include="头文件\core\interfaces">
      <UniqueIdentifier>{8225765c-fac6-4598-bc89-8b8b6705bab5}</UniqueIdentifier>
    </Filter>
    <Filter Include="源文件\core\interfaces">
      <UniqueIdentifier>{bcfde3b2-5f03-4b9b-b881-379a618160d5}</UniqueIdentifier>
    </Filter>
    <Filter Include="头文件\core\impl">
      <UniqueIdentifier>{d3fa2edd-02cd-45d5-ba85-24e025125884}</UniqueIdentifier>
    </Filter>
    <Filter Include="源文件\core\impl">
      <UniqueIdentifier>{1d149eb9-e8f3-49d6-9d40-fad9acf071b7}</UniqueIdentifier>
    </Filter>
    <Filter Include="头文件\core\internal">
      <UniqueIdentifier>{90884fb1-ebb8-4b85-8d93-0a0e1d86a5f9}</UniqueIdentifier>
    </Filter>
    <Filter Include="源文件\core\internal">
      <UniqueIdentifier>{4159fb15-a6c7-412f-aa46-8c9aaf9c9d62}</UniqueIdentifier>
    </Filter>
    <Filter Include="头文件\core\export">
      <UniqueIdentifier>{4ace4a56-af10-49c7-ac26-e27de8200126}</UniqueIdentifier>
    </Filter>
    <Filter Include="源文件\core\interfaces\idl">
      <UniqueIdentifier>{fe556673-b249-4b0c-9439-6195529caf3d}</UniqueIdentifier>
    </Filter>
    <Filter Include="头文件\core\struct">
      <UniqueIdentifier>{48ba24c5-b40b-4288-8b86-7e4043b0fc29}</UniqueIdentifier>
    </Filter>
    <Filter Include="源文件\core\export">
      <UniqueIdentifier>{b2511ec2-fc7d-4758-8723-4c0b70e1796b}</UniqueIdentifier>
    </Filter>
  </ItemGroup>
  <ItemGroup>
    <ClCompile Include="dllmain.cpp">
      <Filter>源文件</Filter>
    </ClCompile>
    <ClCompile Include="ProcessUtils.cpp">
      <Filter>源文件\utils</Filter>
    </ClCompile>
    <ClCompile Include="MemoryUtils.cpp">
      <Filter>源文件\utils</Filter>
    </ClCompile>
    <ClCompile Include="PrivilegeUtils.cpp">
      <Filter>源文件\utils</Filter>
    </ClCompile>
    <ClCompile Include="HookUtils.cpp">
      <Filter>源文件\utils</Filter>
    </ClCompile>
    <ClCompile Include="StringUtils.cpp">
      <Filter>源文件\utils</Filter>
    </ClCompile>
    <ClCompile Include="IHutaoNative.cpp">
      <Filter>源文件\core\interfaces</Filter>
    </ClCompile>
    <ClCompile Include="HutaoString.cpp">
      <Filter>源文件\core\impl</Filter>
    </ClCompile>
    <ClCompile Include="FrameworkTheming.cpp">
      <Filter>源文件\core\export</Filter>
    </ClCompile>
    <ClCompile Include="FirewallRuleManager.cpp">
      <Filter>源文件\core\internal</Filter>
    </ClCompile>
    <ClCompile Include="IHutaoNativeLoopbackSupport.cpp">
      <Filter>源文件\core\interfaces</Filter>
    </ClCompile>
    <ClCompile Include="HutaoNativeLoopbackSupport.cpp">
      <Filter>源文件\core\impl</Filter>
    </ClCompile>
    <ClCompile Include="WinRTImpl.cpp">
      <Filter>源文件</Filter>
    </ClCompile>
    <ClCompile Include="IHutaoString.cpp">
      <Filter>源文件\core\interfaces</Filter>
    </ClCompile>
    <ClCompile Include="HutaoNative.cpp">
      <Filter>源文件\core\impl</Filter>
    </ClCompile>
    <ClCompile Include="HutaoNativeRegistryNotification.cpp">
      <Filter>源文件\core\impl</Filter>
    </ClCompile>
    <ClCompile Include="HutaoNativeExports.cpp">
      <Filter>源文件\core\export</Filter>
    </ClCompile>
    <ClCompile Include="WilCallbacksManager.cpp">
      <Filter>源文件\core\internal</Filter>
    </ClCompile>
    <ClCompile Include="HutaoNativeProcess.cpp">
      <Filter>源文件\core\impl</Filter>
    </ClCompile>
    <ClCompile Include="HutaoNativeDeviceCapabilities.cpp">
      <Filter>源文件\core\impl</Filter>
    </ClCompile>
    <ClCompile Include="HutaoNativeFileSystem.cpp">
      <Filter>源文件\core\impl</Filter>
    </ClCompile>
    <ClCompile Include="HutaoNativeHotKeyAction.cpp">
      <Filter>源文件\core\impl</Filter>
    </ClCompile>
    <ClCompile Include="HutaoNativeInputLowLevelKeyboardSource.cpp">
      <Filter>源文件\core\impl</Filter>
    </ClCompile>
    <ClCompile Include="HutaoNativeLogicalDrive.cpp">
      <Filter>源文件\core\impl</Filter>
    </ClCompile>
    <ClCompile Include="HutaoNativeNotifyIcon.cpp">
      <Filter>源文件\core\impl</Filter>
    </ClCompile>
    <ClCompile Include="HutaoNativePhysicalDrive.cpp">
      <Filter>源文件\core\impl</Filter>
    </ClCompile>
    <ClCompile Include="HutaoNativeWindowSubclass.cpp">
      <Filter>源文件\core\impl</Filter>
    </ClCompile>
    <ClCompile Include="HutaoNativeWindowNonRude.cpp">
      <Filter>源文件\core\impl</Filter>
    </ClCompile>
    <ClCompile Include="WindowUtils.cpp">
      <Filter>源文件\utils</Filter>
    </ClCompile>
    <ClCompile Include="DllInjectionUtils.cpp">
      <Filter>源文件\utils</Filter>
    </ClCompile>
    <ClCompile Include="HotKeyCallbackManager.cpp">
      <Filter>源文件\core\internal</Filter>
    </ClCompile>
  </ItemGroup>
  <ItemGroup>
    <ClInclude Include="Theme.h">
      <Filter>头文件</Filter>
    </ClInclude>
    <ClInclude Include="dllmain.h">
      <Filter>头文件</Filter>
    </ClInclude>
    <ClInclude Include="FrameworkTheming.h">
      <Filter>头文件\core\export</Filter>
    </ClInclude>
    <ClInclude Include="Types.h">
      <Filter>头文件</Filter>
    </ClInclude>
    <ClInclude Include="ProcessUtils.h">
      <Filter>头文件\utils</Filter>
    </ClInclude>
    <ClInclude Include="MemoryUtils.h">
      <Filter>头文件\utils</Filter>
    </ClInclude>
    <ClInclude Include="PrivilegeUtils.h">
      <Filter>头文件\utils</Filter>
    </ClInclude>
    <ClInclude Include="HookUtils.h">
      <Filter>头文件\utils</Filter>
    </ClInclude>
    <ClInclude Include="StringUtils.h">
      <Filter>头文件\utils</Filter>
    </ClInclude>
    <ClInclude Include="IHutaoNative.h">
      <Filter>头文件\core\interfaces</Filter>
    </ClInclude>
    <ClInclude Include="IHutaoNativeLoopbackSupport.h">
      <Filter>头文件\core\interfaces</Filter>
    </ClInclude>
    <ClInclude Include="HutaoString.h">
      <Filter>头文件\core\impl</Filter>
    </ClInclude>
    <ClInclude Include="FirewallRuleManager.h">
      <Filter>头文件\core\internal</Filter>
    </ClInclude>
    <ClInclude Include="HutaoNativeLoopbackSupport.h">
      <Filter>头文件\core\impl</Filter>
    </ClInclude>
    <ClInclude Include="HutaoNativeExports.h">
      <Filter>头文件\core\export</Filter>
    </ClInclude>
    <ClInclude Include="HutaoNativeWindowSubclassCallback.h">
      <Filter>头文件\core\struct</Filter>
    </ClInclude>
    <ClInclude Include="IHutaoNativeWindowSubclass.h">
      <Filter>头文件\core\interfaces</Filter>
    </ClInclude>
    <ClInclude Include="IHutaoNativeWindowNonRude.h">
      <Filter>头文件\core\interfaces</Filter>
    </ClInclude>
    <ClInclude Include="IHutaoNativeRegistryNotification.h">
      <Filter>头文件\core\interfaces</Filter>
    </ClInclude>
    <ClInclude Include="IHutaoNativePhysicalDrive.h">
      <Filter>头文件\core\interfaces</Filter>
    </ClInclude>
    <ClInclude Include="HutaoNativePhysicalDrive.h">
      <Filter>头文件\core\impl</Filter>
    </ClInclude>
    <ClInclude Include="IHutaoString.h">
      <Filter>头文件\core\interfaces</Filter>
    </ClInclude>
    <ClInclude Include="HutaoNativeDeviceCapabilities.h">
      <Filter>头文件\core\impl</Filter>
    </ClInclude>
    <ClInclude Include="HutaoNative.h">
      <Filter>头文件\core\impl</Filter>
    </ClInclude>
    <ClInclude Include="HutaoNativeRegistryNotification.h">
      <Filter>头文件\core\impl</Filter>
    </ClInclude>
    <ClInclude Include="IHutaoNativeDeviceCapabilities.h">
      <Filter>头文件\core\interfaces</Filter>
    </ClInclude>
    <ClInclude Include="IHutaoNativeLogicalDrive.h">
      <Filter>头文件\core\interfaces</Filter>
    </ClInclude>
    <ClInclude Include="HutaoNativeLoggingCallback.h">
      <Filter>头文件\core\struct</Filter>
    </ClInclude>
    <ClInclude Include="HutaoNativeMessageCallback.h">
      <Filter>头文件\core\struct</Filter>
    </ClInclude>
    <ClInclude Include="WilCallbacksManager.h">
      <Filter>头文件\core\internal</Filter>
    </ClInclude>
    <ClInclude Include="FailureInfo.h">
      <Filter>头文件\core\struct</Filter>
    </ClInclude>
    <ClInclude Include="HutaoPrivateWindowsVersion.h">
      <Filter>头文件\core\struct</Filter>
    </ClInclude>
    <ClInclude Include="IHutaoNativeFileSystem.h">
      <Filter>头文件\core\interfaces</Filter>
    </ClInclude>
    <ClInclude Include="IHutaoNativeNotifyIcon.h">
      <Filter>头文件\core\interfaces</Filter>
    </ClInclude>
    <ClInclude Include="IHutaoNativeHotKeyAction.h">
      <Filter>头文件\core\interfaces</Filter>
    </ClInclude>
    <ClInclude Include="IHutaoNativeProcess.h">
      <Filter>头文件\core\interfaces</Filter>
    </ClInclude>
    <ClInclude Include="HutaoNativeNotifyIcon.h">
      <Filter>头文件\core\impl</Filter>
    </ClInclude>
    <ClInclude Include="HutaoNativeProcess.h">
      <Filter>头文件\core\impl</Filter>
    </ClInclude>
    <ClInclude Include="HutaoNativeHotKeyAction.h">
      <Filter>头文件\core\impl</Filter>
    </ClInclude>
    <ClInclude Include="HutaoNativeFileSystem.h">
      <Filter>头文件\core\impl</Filter>
    </ClInclude>
    <ClInclude Include="IHutaoNativeInputLowLevelKeyboardSource.h">
      <Filter>头文件\core\interfaces</Filter>
    </ClInclude>
    <ClInclude Include="HutaoNativeInputLowLevelKeyboardSource.h">
      <Filter>头文件\core\interfaces</Filter>
    </ClInclude>
    <ClInclude Include="CustomImplements.h">
      <Filter>头文件\core</Filter>
    </ClInclude>
    <ClInclude Include="HutaoNativeWindowNonRude.h">
      <Filter>头文件\core\impl</Filter>
    </ClInclude>
    <ClInclude Include="HutaoNativeWindowSubclass.h">
      <Filter>头文件\core\impl</Filter>
    </ClInclude>
    <ClInclude Include="WindowUtils.h">
      <Filter>头文件\utils</Filter>
    </ClInclude>
    <ClInclude Include="DllInjectionUtils.h">
      <Filter>头文件\utils</Filter>
    </ClInclude>
    <ClInclude Include="HotKeyCallbackManager.h">
      <Filter>头文件\core\internal</Filter>
    </ClInclude>
    <ClInclude Include="HutaoNativeHotKeyBeforeSwitchCallback.h">
      <Filter>头文件\core\struct</Filter>
    </ClInclude>
    <ClInclude Include="HutaoNativeNotifyIconCallback.h">
      <Filter>头文件\core\struct</Filter>
    </ClInclude>
  </ItemGroup>
  <ItemGroup>
    <Midl Include="IHutaoString.idl">
      <Filter>源文件\core\interfaces\idl</Filter>
    </Midl>
    <Midl Include="IHutaoNativeLoopbackSupport.idl">
      <Filter>源文件\core\interfaces\idl</Filter>
    </Midl>
    <Midl Include="IHutaoNative.idl">
      <Filter>源文件\core\interfaces\idl</Filter>
    </Midl>
    <Midl Include="IHutaoNativeDeviceCapabilities.idl">
      <Filter>源文件\core\interfaces\idl</Filter>
    </Midl>
    <Midl Include="IHutaoNativeLogicalDrive.idl">
      <Filter>源文件\core\interfaces\idl</Filter>
    </Midl>
    <Midl Include="IHutaoNativePhysicalDrive.idl">
      <Filter>源文件\core\interfaces\idl</Filter>
    </Midl>
    <Midl Include="IHutaoNativeRegistryNotification.idl">
      <Filter>源文件\core\interfaces\idl</Filter>
    </Midl>
    <Midl Include="IHutaoNativeWindowNonRude.idl">
      <Filter>源文件\core\interfaces\idl</Filter>
    </Midl>
    <Midl Include="IHutaoNativeWindowSubclass.idl">
      <Filter>源文件\core\interfaces\idl</Filter>
    </Midl>
    <Midl Include="Types.idl">
      <Filter>源文件</Filter>
    </Midl>
    <Midl Include="IHutaoNativeProcess.idl">
      <Filter>源文件\core\interfaces\idl</Filter>
    </Midl>
    <Midl Include="IHutaoNativeNotifyIcon.idl">
      <Filter>源文件\core\interfaces\idl</Filter>
    </Midl>
    <Midl Include="IHutaoNativeInputLowLevelKeyboardSource.idl">
      <Filter>源文件\core\interfaces\idl</Filter>
    </Midl>
    <Midl Include="IHutaoNativeFileSystem.idl">
      <Filter>源文件\core\interfaces\idl</Filter>
    </Midl>
    <Midl Include="IHutaoNativeHotKeyAction.idl">
      <Filter>源文件\core\interfaces\idl</Filter>
    </Midl>
    <Midl Include="IHutaoNativeFileSystem2.idl">
      <Filter>源文件\core\interfaces\idl</Filter>
    </Midl>
    <Midl Include="IHutaoNativeFileSystem3.idl">
      <Filter>源文件\core\interfaces\idl</Filter>
    </Midl>
    <Midl Include="IHutaoNativeFileSystem4.idl">
      <Filter>源文件\core\interfaces\idl</Filter>
    </Midl>
  </ItemGroup>
</Project>